
Microsoft Visual Studio Solution File, Format Version 12.00
# Visual Studio 14
VisualStudioVersion = 14.0.25123.0
MinimumVisualStudioVersion = 10.0.40219.1
Project("{FAE04EC0-301F-11D3-BF4B-00C04F79EFBC}") = "TestApp3.Droid", "TestApp3\TestApp3.Droid\TestApp3.Droid.csproj", "{DB738A29-4A85-477C-944E-EF495FB30BA8}"
EndProject
Project("{FAE04EC0-301F-11D3-BF4B-00C04F79EFBC}") = "TestApp3.iOS", "TestApp3\TestApp3.iOS\TestApp3.iOS.csproj", "{8F3A1FDD-EDA0-4765-91A8-4386C1EF4DD8}"
EndProject
Project("{FAE04EC0-301F-11D3-BF4B-00C04F79EFBC}") = "TestApp3.WinPhone", "TestApp3\TestApp3.WinPhone\TestApp3.WinPhone.csproj", "{37AE3C19-3BBE-476F-BD94-B22160EB89B7}"
EndProject
Project("{FAE04EC0-301F-11D3-BF4B-00C04F79EFBC}") = "TestApp3.UWP", "TestApp3\TestApp3.UWP\TestApp3.UWP.csproj", "{833D132D-0033-4269-AB89-D5B26F0A433E}"
EndProject
Project("{FAE04EC0-301F-11D3-BF4B-00C04F79EFBC}") = "TestApp3.Windows", "TestApp3\TestApp3.Windows\TestApp3.Windows.csproj", "{809E2510-F479-4706-9D7A-3896685833D6}"
EndProject
Project("{FAE04EC0-301F-11D3-BF4B-00C04F79EFBC}") = "TestApp3", "TestApp3\TestApp3\TestApp3.csproj", "{D6658809-8B7B-4FBF-AF20-371FD7FB6F84}"
EndProject
Global
	GlobalSection(SolutionConfigurationPlatforms) = preSolution
		Ad-Hoc|Any CPU = Ad-Hoc|Any CPU
		Ad-Hoc|ARM = Ad-Hoc|ARM
		Ad-Hoc|iPhone = Ad-Hoc|iPhone
		Ad-Hoc|iPhoneSimulator = Ad-Hoc|iPhoneSimulator
		Ad-Hoc|x64 = Ad-Hoc|x64
		Ad-Hoc|x86 = Ad-Hoc|x86
		AppStore|Any CPU = AppStore|Any CPU
		AppStore|ARM = AppStore|ARM
		AppStore|iPhone = AppStore|iPhone
		AppStore|iPhoneSimulator = AppStore|iPhoneSimulator
		AppStore|x64 = AppStore|x64
		AppStore|x86 = AppStore|x86
		Debug|Any CPU = Debug|Any CPU
		Debug|ARM = Debug|ARM
		Debug|iPhone = Debug|iPhone
		Debug|iPhoneSimulator = Debug|iPhoneSimulator
		Debug|x64 = Debug|x64
		Debug|x86 = Debug|x86
		Release|Any CPU = Release|Any CPU
		Release|ARM = Release|ARM
		Release|iPhone = Release|iPhone
		Release|iPhoneSimulator = Release|iPhoneSimulator
		Release|x64 = Release|x64
		Release|x86 = Release|x86
	EndGlobalSection
	GlobalSection(ProjectConfigurationPlatforms) = postSolution
		{DB738A29-4A85-477C-944E-EF495FB30BA8}.Ad-Hoc|Any CPU.ActiveCfg = Release|Any CPU
		{DB738A29-4A85-477C-944E-EF495FB30BA8}.Ad-Hoc|Any CPU.Build.0 = Release|Any CPU
		{DB738A29-4A85-477C-944E-EF495FB30BA8}.Ad-Hoc|Any CPU.Deploy.0 = Release|Any CPU
		{DB738A29-4A85-477C-944E-EF495FB30BA8}.Ad-Hoc|ARM.ActiveCfg = Release|Any CPU
		{DB738A29-4A85-477C-944E-EF495FB30BA8}.Ad-Hoc|ARM.Build.0 = Release|Any CPU
		{DB738A29-4A85-477C-944E-EF495FB30BA8}.Ad-Hoc|ARM.Deploy.0 = Release|Any CPU
		{DB738A29-4A85-477C-944E-EF495FB30BA8}.Ad-Hoc|iPhone.ActiveCfg = Release|Any CPU
		{DB738A29-4A85-477C-944E-EF495FB30BA8}.Ad-Hoc|iPhone.Build.0 = Release|Any CPU
		{DB738A29-4A85-477C-944E-EF495FB30BA8}.Ad-Hoc|iPhone.Deploy.0 = Release|Any CPU
		{DB738A29-4A85-477C-944E-EF495FB30BA8}.Ad-Hoc|iPhoneSimulator.ActiveCfg = Release|Any CPU
		{DB738A29-4A85-477C-944E-EF495FB30BA8}.Ad-Hoc|iPhoneSimulator.Build.0 = Release|Any CPU
		{DB738A29-4A85-477C-944E-EF495FB30BA8}.Ad-Hoc|iPhoneSimulator.Deploy.0 = Release|Any CPU
		{DB738A29-4A85-477C-944E-EF495FB30BA8}.Ad-Hoc|x64.ActiveCfg = Release|Any CPU
		{DB738A29-4A85-477C-944E-EF495FB30BA8}.Ad-Hoc|x64.Build.0 = Release|Any CPU
		{DB738A29-4A85-477C-944E-EF495FB30BA8}.Ad-Hoc|x64.Deploy.0 = Release|Any CPU
		{DB738A29-4A85-477C-944E-EF495FB30BA8}.Ad-Hoc|x86.ActiveCfg = Release|Any CPU
		{DB738A29-4A85-477C-944E-EF495FB30BA8}.Ad-Hoc|x86.Build.0 = Release|Any CPU
		{DB738A29-4A85-477C-944E-EF495FB30BA8}.Ad-Hoc|x86.Deploy.0 = Release|Any CPU
		{DB738A29-4A85-477C-944E-EF495FB30BA8}.AppStore|Any CPU.ActiveCfg = Release|Any CPU
		{DB738A29-4A85-477C-944E-EF495FB30BA8}.AppStore|Any CPU.Build.0 = Release|Any CPU
		{DB738A29-4A85-477C-944E-EF495FB30BA8}.AppStore|Any CPU.Deploy.0 = Release|Any CPU
		{DB738A29-4A85-477C-944E-EF495FB30BA8}.AppStore|ARM.ActiveCfg = Release|Any CPU
		{DB738A29-4A85-477C-944E-EF495FB30BA8}.AppStore|ARM.Build.0 = Release|Any CPU
		{DB738A29-4A85-477C-944E-EF495FB30BA8}.AppStore|ARM.Deploy.0 = Release|Any CPU
		{DB738A29-4A85-477C-944E-EF495FB30BA8}.AppStore|iPhone.ActiveCfg = Release|Any CPU
		{DB738A29-4A85-477C-944E-EF495FB30BA8}.AppStore|iPhone.Build.0 = Release|Any CPU
		{DB738A29-4A85-477C-944E-EF495FB30BA8}.AppStore|iPhone.Deploy.0 = Release|Any CPU
		{DB738A29-4A85-477C-944E-EF495FB30BA8}.AppStore|iPhoneSimulator.ActiveCfg = Release|Any CPU
		{DB738A29-4A85-477C-944E-EF495FB30BA8}.AppStore|iPhoneSimulator.Build.0 = Release|Any CPU
		{DB738A29-4A85-477C-944E-EF495FB30BA8}.AppStore|iPhoneSimulator.Deploy.0 = Release|Any CPU
		{DB738A29-4A85-477C-944E-EF495FB30BA8}.AppStore|x64.ActiveCfg = Release|Any CPU
		{DB738A29-4A85-477C-944E-EF495FB30BA8}.AppStore|x64.Build.0 = Release|Any CPU
		{DB738A29-4A85-477C-944E-EF495FB30BA8}.AppStore|x64.Deploy.0 = Release|Any CPU
		{DB738A29-4A85-477C-944E-EF495FB30BA8}.AppStore|x86.ActiveCfg = Release|Any CPU
		{DB738A29-4A85-477C-944E-EF495FB30BA8}.AppStore|x86.Build.0 = Release|Any CPU
		{DB738A29-4A85-477C-944E-EF495FB30BA8}.AppStore|x86.Deploy.0 = Release|Any CPU
		{DB738A29-4A85-477C-944E-EF495FB30BA8}.Debug|Any CPU.ActiveCfg = Debug|Any CPU
		{DB738A29-4A85-477C-944E-EF495FB30BA8}.Debug|Any CPU.Build.0 = Debug|Any CPU
		{DB738A29-4A85-477C-944E-EF495FB30BA8}.Debug|Any CPU.Deploy.0 = Debug|Any CPU
		{DB738A29-4A85-477C-944E-EF495FB30BA8}.Debug|ARM.ActiveCfg = Debug|Any CPU
		{DB738A29-4A85-477C-944E-EF495FB30BA8}.Debug|ARM.Build.0 = Debug|Any CPU
		{DB738A29-4A85-477C-944E-EF495FB30BA8}.Debug|ARM.Deploy.0 = Debug|Any CPU
		{DB738A29-4A85-477C-944E-EF495FB30BA8}.Debug|iPhone.ActiveCfg = Debug|Any CPU
		{DB738A29-4A85-477C-944E-EF495FB30BA8}.Debug|iPhone.Build.0 = Debug|Any CPU
		{DB738A29-4A85-477C-944E-EF495FB30BA8}.Debug|iPhone.Deploy.0 = Debug|Any CPU
		{DB738A29-4A85-477C-944E-EF495FB30BA8}.Debug|iPhoneSimulator.ActiveCfg = Debug|Any CPU
		{DB738A29-4A85-477C-944E-EF495FB30BA8}.Debug|iPhoneSimulator.Build.0 = Debug|Any CPU
		{DB738A29-4A85-477C-944E-EF495FB30BA8}.Debug|iPhoneSimulator.Deploy.0 = Debug|Any CPU
		{DB738A29-4A85-477C-944E-EF495FB30BA8}.Debug|x64.ActiveCfg = Debug|Any CPU
		{DB738A29-4A85-477C-944E-EF495FB30BA8}.Debug|x64.Build.0 = Debug|Any CPU
		{DB738A29-4A85-477C-944E-EF495FB30BA8}.Debug|x64.Deploy.0 = Debug|Any CPU
		{DB738A29-4A85-477C-944E-EF495FB30BA8}.Debug|x86.ActiveCfg = Debug|Any CPU
		{DB738A29-4A85-477C-944E-EF495FB30BA8}.Debug|x86.Build.0 = Debug|Any CPU
		{DB738A29-4A85-477C-944E-EF495FB30BA8}.Debug|x86.Deploy.0 = Debug|Any CPU
		{DB738A29-4A85-477C-944E-EF495FB30BA8}.Release|Any CPU.ActiveCfg = Release|Any CPU
		{DB738A29-4A85-477C-944E-EF495FB30BA8}.Release|Any CPU.Build.0 = Release|Any CPU
		{DB738A29-4A85-477C-944E-EF495FB30BA8}.Release|Any CPU.Deploy.0 = Release|Any CPU
		{DB738A29-4A85-477C-944E-EF495FB30BA8}.Release|ARM.ActiveCfg = Release|Any CPU
		{DB738A29-4A85-477C-944E-EF495FB30BA8}.Release|ARM.Build.0 = Release|Any CPU
		{DB738A29-4A85-477C-944E-EF495FB30BA8}.Release|ARM.Deploy.0 = Release|Any CPU
		{DB738A29-4A85-477C-944E-EF495FB30BA8}.Release|iPhone.ActiveCfg = Release|Any CPU
		{DB738A29-4A85-477C-944E-EF495FB30BA8}.Release|iPhone.Build.0 = Release|Any CPU
		{DB738A29-4A85-477C-944E-EF495FB30BA8}.Release|iPhone.Deploy.0 = Release|Any CPU
		{DB738A29-4A85-477C-944E-EF495FB30BA8}.Release|iPhoneSimulator.ActiveCfg = Release|Any CPU
		{DB738A29-4A85-477C-944E-EF495FB30BA8}.Release|iPhoneSimulator.Build.0 = Release|Any CPU
		{DB738A29-4A85-477C-944E-EF495FB30BA8}.Release|iPhoneSimulator.Deploy.0 = Release|Any CPU
		{DB738A29-4A85-477C-944E-EF495FB30BA8}.Release|x64.ActiveCfg = Release|Any CPU
		{DB738A29-4A85-477C-944E-EF495FB30BA8}.Release|x64.Build.0 = Release|Any CPU
		{DB738A29-4A85-477C-944E-EF495FB30BA8}.Release|x64.Deploy.0 = Release|Any CPU
		{DB738A29-4A85-477C-944E-EF495FB30BA8}.Release|x86.ActiveCfg = Release|Any CPU
		{DB738A29-4A85-477C-944E-EF495FB30BA8}.Release|x86.Build.0 = Release|Any CPU
		{DB738A29-4A85-477C-944E-EF495FB30BA8}.Release|x86.Deploy.0 = Release|Any CPU
		{8F3A1FDD-EDA0-4765-91A8-4386C1EF4DD8}.Ad-Hoc|Any CPU.ActiveCfg = Ad-Hoc|iPhone
		{8F3A1FDD-EDA0-4765-91A8-4386C1EF4DD8}.Ad-Hoc|ARM.ActiveCfg = Ad-Hoc|iPhone
		{8F3A1FDD-EDA0-4765-91A8-4386C1EF4DD8}.Ad-Hoc|iPhone.ActiveCfg = Ad-Hoc|iPhone
		{8F3A1FDD-EDA0-4765-91A8-4386C1EF4DD8}.Ad-Hoc|iPhone.Build.0 = Ad-Hoc|iPhone
		{8F3A1FDD-EDA0-4765-91A8-4386C1EF4DD8}.Ad-Hoc|iPhoneSimulator.ActiveCfg = Ad-Hoc|iPhoneSimulator
		{8F3A1FDD-EDA0-4765-91A8-4386C1EF4DD8}.Ad-Hoc|iPhoneSimulator.Build.0 = Ad-Hoc|iPhoneSimulator
		{8F3A1FDD-EDA0-4765-91A8-4386C1EF4DD8}.Ad-Hoc|x64.ActiveCfg = Ad-Hoc|iPhone
		{8F3A1FDD-EDA0-4765-91A8-4386C1EF4DD8}.Ad-Hoc|x86.ActiveCfg = Ad-Hoc|iPhone
		{8F3A1FDD-EDA0-4765-91A8-4386C1EF4DD8}.AppStore|Any CPU.ActiveCfg = AppStore|iPhone
		{8F3A1FDD-EDA0-4765-91A8-4386C1EF4DD8}.AppStore|ARM.ActiveCfg = AppStore|iPhone
		{8F3A1FDD-EDA0-4765-91A8-4386C1EF4DD8}.AppStore|iPhone.ActiveCfg = AppStore|iPhone
		{8F3A1FDD-EDA0-4765-91A8-4386C1EF4DD8}.AppStore|iPhone.Build.0 = AppStore|iPhone
		{8F3A1FDD-EDA0-4765-91A8-4386C1EF4DD8}.AppStore|iPhoneSimulator.ActiveCfg = AppStore|iPhoneSimulator
		{8F3A1FDD-EDA0-4765-91A8-4386C1EF4DD8}.AppStore|iPhoneSimulator.Build.0 = AppStore|iPhoneSimulator
		{8F3A1FDD-EDA0-4765-91A8-4386C1EF4DD8}.AppStore|x64.ActiveCfg = AppStore|iPhone
		{8F3A1FDD-EDA0-4765-91A8-4386C1EF4DD8}.AppStore|x86.ActiveCfg = AppStore|iPhone
		{8F3A1FDD-EDA0-4765-91A8-4386C1EF4DD8}.Debug|Any CPU.ActiveCfg = Debug|iPhone
		{8F3A1FDD-EDA0-4765-91A8-4386C1EF4DD8}.Debug|ARM.ActiveCfg = Debug|iPhone
		{8F3A1FDD-EDA0-4765-91A8-4386C1EF4DD8}.Debug|iPhone.ActiveCfg = Debug|iPhone
		{8F3A1FDD-EDA0-4765-91A8-4386C1EF4DD8}.Debug|iPhone.Build.0 = Debug|iPhone
		{8F3A1FDD-EDA0-4765-91A8-4386C1EF4DD8}.Debug|iPhoneSimulator.ActiveCfg = Debug|iPhoneSimulator
		{8F3A1FDD-EDA0-4765-91A8-4386C1EF4DD8}.Debug|iPhoneSimulator.Build.0 = Debug|iPhoneSimulator
		{8F3A1FDD-EDA0-4765-91A8-4386C1EF4DD8}.Debug|x64.ActiveCfg = Debug|iPhone
		{8F3A1FDD-EDA0-4765-91A8-4386C1EF4DD8}.Debug|x86.ActiveCfg = Debug|iPhone
		{8F3A1FDD-EDA0-4765-91A8-4386C1EF4DD8}.Release|Any CPU.ActiveCfg = Release|iPhone
		{8F3A1FDD-EDA0-4765-91A8-4386C1EF4DD8}.Release|ARM.ActiveCfg = Release|iPhone
		{8F3A1FDD-EDA0-4765-91A8-4386C1EF4DD8}.Release|iPhone.ActiveCfg = Release|iPhone
		{8F3A1FDD-EDA0-4765-91A8-4386C1EF4DD8}.Release|iPhone.Build.0 = Release|iPhone
		{8F3A1FDD-EDA0-4765-91A8-4386C1EF4DD8}.Release|iPhoneSimulator.ActiveCfg = Release|iPhoneSimulator
		{8F3A1FDD-EDA0-4765-91A8-4386C1EF4DD8}.Release|iPhoneSimulator.Build.0 = Release|iPhoneSimulator
		{8F3A1FDD-EDA0-4765-91A8-4386C1EF4DD8}.Release|x64.ActiveCfg = Release|iPhone
		{8F3A1FDD-EDA0-4765-91A8-4386C1EF4DD8}.Release|x86.ActiveCfg = Release|iPhone
		{37AE3C19-3BBE-476F-BD94-B22160EB89B7}.Ad-Hoc|Any CPU.ActiveCfg = Release|Any CPU
		{37AE3C19-3BBE-476F-BD94-B22160EB89B7}.Ad-Hoc|Any CPU.Build.0 = Release|Any CPU
		{37AE3C19-3BBE-476F-BD94-B22160EB89B7}.Ad-Hoc|Any CPU.Deploy.0 = Release|Any CPU
		{37AE3C19-3BBE-476F-BD94-B22160EB89B7}.Ad-Hoc|ARM.ActiveCfg = Release|ARM
		{37AE3C19-3BBE-476F-BD94-B22160EB89B7}.Ad-Hoc|ARM.Build.0 = Release|ARM
		{37AE3C19-3BBE-476F-BD94-B22160EB89B7}.Ad-Hoc|ARM.Deploy.0 = Release|ARM
		{37AE3C19-3BBE-476F-BD94-B22160EB89B7}.Ad-Hoc|iPhone.ActiveCfg = Release|Any CPU
		{37AE3C19-3BBE-476F-BD94-B22160EB89B7}.Ad-Hoc|iPhone.Build.0 = Release|Any CPU
		{37AE3C19-3BBE-476F-BD94-B22160EB89B7}.Ad-Hoc|iPhone.Deploy.0 = Release|Any CPU
		{37AE3C19-3BBE-476F-BD94-B22160EB89B7}.Ad-Hoc|iPhoneSimulator.ActiveCfg = Release|Any CPU
		{37AE3C19-3BBE-476F-BD94-B22160EB89B7}.Ad-Hoc|iPhoneSimulator.Build.0 = Release|Any CPU
		{37AE3C19-3BBE-476F-BD94-B22160EB89B7}.Ad-Hoc|iPhoneSimulator.Deploy.0 = Release|Any CPU
		{37AE3C19-3BBE-476F-BD94-B22160EB89B7}.Ad-Hoc|x64.ActiveCfg = Release|Any CPU
		{37AE3C19-3BBE-476F-BD94-B22160EB89B7}.Ad-Hoc|x64.Build.0 = Release|Any CPU
		{37AE3C19-3BBE-476F-BD94-B22160EB89B7}.Ad-Hoc|x64.Deploy.0 = Release|Any CPU
		{37AE3C19-3BBE-476F-BD94-B22160EB89B7}.Ad-Hoc|x86.ActiveCfg = Release|x86
		{37AE3C19-3BBE-476F-BD94-B22160EB89B7}.Ad-Hoc|x86.Build.0 = Release|x86
		{37AE3C19-3BBE-476F-BD94-B22160EB89B7}.Ad-Hoc|x86.Deploy.0 = Release|x86
		{37AE3C19-3BBE-476F-BD94-B22160EB89B7}.AppStore|Any CPU.ActiveCfg = Release|Any CPU
		{37AE3C19-3BBE-476F-BD94-B22160EB89B7}.AppStore|Any CPU.Build.0 = Release|Any CPU
		{37AE3C19-3BBE-476F-BD94-B22160EB89B7}.AppStore|Any CPU.Deploy.0 = Release|Any CPU
		{37AE3C19-3BBE-476F-BD94-B22160EB89B7}.AppStore|ARM.ActiveCfg = Release|ARM
		{37AE3C19-3BBE-476F-BD94-B22160EB89B7}.AppStore|ARM.Build.0 = Release|ARM
		{37AE3C19-3BBE-476F-BD94-B22160EB89B7}.AppStore|ARM.Deploy.0 = Release|ARM
		{37AE3C19-3BBE-476F-BD94-B22160EB89B7}.AppStore|iPhone.ActiveCfg = Release|Any CPU
		{37AE3C19-3BBE-476F-BD94-B22160EB89B7}.AppStore|iPhone.Build.0 = Release|Any CPU
		{37AE3C19-3BBE-476F-BD94-B22160EB89B7}.AppStore|iPhone.Deploy.0 = Release|Any CPU
		{37AE3C19-3BBE-476F-BD94-B22160EB89B7}.AppStore|iPhoneSimulator.ActiveCfg = Release|Any CPU
		{37AE3C19-3BBE-476F-BD94-B22160EB89B7}.AppStore|iPhoneSimulator.Build.0 = Release|Any CPU
		{37AE3C19-3BBE-476F-BD94-B22160EB89B7}.AppStore|iPhoneSimulator.Deploy.0 = Release|Any CPU
		{37AE3C19-3BBE-476F-BD94-B22160EB89B7}.AppStore|x64.ActiveCfg = Release|Any CPU
		{37AE3C19-3BBE-476F-BD94-B22160EB89B7}.AppStore|x64.Build.0 = Release|Any CPU
		{37AE3C19-3BBE-476F-BD94-B22160EB89B7}.AppStore|x64.Deploy.0 = Release|Any CPU
		{37AE3C19-3BBE-476F-BD94-B22160EB89B7}.AppStore|x86.ActiveCfg = Release|x86
		{37AE3C19-3BBE-476F-BD94-B22160EB89B7}.AppStore|x86.Build.0 = Release|x86
		{37AE3C19-3BBE-476F-BD94-B22160EB89B7}.AppStore|x86.Deploy.0 = Release|x86
		{37AE3C19-3BBE-476F-BD94-B22160EB89B7}.Debug|Any CPU.ActiveCfg = Debug|Any CPU
		{37AE3C19-3BBE-476F-BD94-B22160EB89B7}.Debug|Any CPU.Build.0 = Debug|Any CPU
		{37AE3C19-3BBE-476F-BD94-B22160EB89B7}.Debug|Any CPU.Deploy.0 = Debug|Any CPU
		{37AE3C19-3BBE-476F-BD94-B22160EB89B7}.Debug|ARM.ActiveCfg = Debug|ARM
		{37AE3C19-3BBE-476F-BD94-B22160EB89B7}.Debug|ARM.Build.0 = Debug|ARM
		{37AE3C19-3BBE-476F-BD94-B22160EB89B7}.Debug|ARM.Deploy.0 = Debug|ARM
		{37AE3C19-3BBE-476F-BD94-B22160EB89B7}.Debug|iPhone.ActiveCfg = Debug|Any CPU
		{37AE3C19-3BBE-476F-BD94-B22160EB89B7}.Debug|iPhone.Build.0 = Debug|Any CPU
		{37AE3C19-3BBE-476F-BD94-B22160EB89B7}.Debug|iPhone.Deploy.0 = Debug|Any CPU
		{37AE3C19-3BBE-476F-BD94-B22160EB89B7}.Debug|iPhoneSimulator.ActiveCfg = Debug|Any CPU
		{37AE3C19-3BBE-476F-BD94-B22160EB89B7}.Debug|iPhoneSimulator.Build.0 = Debug|Any CPU
		{37AE3C19-3BBE-476F-BD94-B22160EB89B7}.Debug|iPhoneSimulator.Deploy.0 = Debug|Any CPU
		{37AE3C19-3BBE-476F-BD94-B22160EB89B7}.Debug|x64.ActiveCfg = Debug|Any CPU
		{37AE3C19-3BBE-476F-BD94-B22160EB89B7}.Debug|x64.Build.0 = Debug|Any CPU
		{37AE3C19-3BBE-476F-BD94-B22160EB89B7}.Debug|x64.Deploy.0 = Debug|Any CPU
		{37AE3C19-3BBE-476F-BD94-B22160EB89B7}.Debug|x86.ActiveCfg = Debug|x86
		{37AE3C19-3BBE-476F-BD94-B22160EB89B7}.Debug|x86.Build.0 = Debug|x86
		{37AE3C19-3BBE-476F-BD94-B22160EB89B7}.Debug|x86.Deploy.0 = Debug|x86
		{37AE3C19-3BBE-476F-BD94-B22160EB89B7}.Release|Any CPU.ActiveCfg = Release|Any CPU
		{37AE3C19-3BBE-476F-BD94-B22160EB89B7}.Release|Any CPU.Build.0 = Release|Any CPU
		{37AE3C19-3BBE-476F-BD94-B22160EB89B7}.Release|Any CPU.Deploy.0 = Release|Any CPU
		{37AE3C19-3BBE-476F-BD94-B22160EB89B7}.Release|ARM.ActiveCfg = Release|ARM
		{37AE3C19-3BBE-476F-BD94-B22160EB89B7}.Release|ARM.Build.0 = Release|ARM
		{37AE3C19-3BBE-476F-BD94-B22160EB89B7}.Release|ARM.Deploy.0 = Release|ARM
		{37AE3C19-3BBE-476F-BD94-B22160EB89B7}.Release|iPhone.ActiveCfg = Release|Any CPU
		{37AE3C19-3BBE-476F-BD94-B22160EB89B7}.Release|iPhone.Build.0 = Release|Any CPU
		{37AE3C19-3BBE-476F-BD94-B22160EB89B7}.Release|iPhone.Deploy.0 = Release|Any CPU
		{37AE3C19-3BBE-476F-BD94-B22160EB89B7}.Release|iPhoneSimulator.ActiveCfg = Release|Any CPU
		{37AE3C19-3BBE-476F-BD94-B22160EB89B7}.Release|iPhoneSimulator.Build.0 = Release|Any CPU
		{37AE3C19-3BBE-476F-BD94-B22160EB89B7}.Release|iPhoneSimulator.Deploy.0 = Release|Any CPU
		{37AE3C19-3BBE-476F-BD94-B22160EB89B7}.Release|x64.ActiveCfg = Release|Any CPU
		{37AE3C19-3BBE-476F-BD94-B22160EB89B7}.Release|x64.Build.0 = Release|Any CPU
		{37AE3C19-3BBE-476F-BD94-B22160EB89B7}.Release|x64.Deploy.0 = Release|Any CPU
		{37AE3C19-3BBE-476F-BD94-B22160EB89B7}.Release|x86.ActiveCfg = Release|x86
		{37AE3C19-3BBE-476F-BD94-B22160EB89B7}.Release|x86.Build.0 = Release|x86
		{37AE3C19-3BBE-476F-BD94-B22160EB89B7}.Release|x86.Deploy.0 = Release|x86
		{833D132D-0033-4269-AB89-D5B26F0A433E}.Ad-Hoc|Any CPU.ActiveCfg = Release|x86
		{833D132D-0033-4269-AB89-D5B26F0A433E}.Ad-Hoc|Any CPU.Build.0 = Release|x86
		{833D132D-0033-4269-AB89-D5B26F0A433E}.Ad-Hoc|Any CPU.Deploy.0 = Release|x86
		{833D132D-0033-4269-AB89-D5B26F0A433E}.Ad-Hoc|ARM.ActiveCfg = Release|ARM
		{833D132D-0033-4269-AB89-D5B26F0A433E}.Ad-Hoc|ARM.Build.0 = Release|ARM
		{833D132D-0033-4269-AB89-D5B26F0A433E}.Ad-Hoc|ARM.Deploy.0 = Release|ARM
		{833D132D-0033-4269-AB89-D5B26F0A433E}.Ad-Hoc|iPhone.ActiveCfg = Release|x86
		{833D132D-0033-4269-AB89-D5B26F0A433E}.Ad-Hoc|iPhone.Build.0 = Release|x86
		{833D132D-0033-4269-AB89-D5B26F0A433E}.Ad-Hoc|iPhone.Deploy.0 = Release|x86
		{833D132D-0033-4269-AB89-D5B26F0A433E}.Ad-Hoc|iPhoneSimulator.ActiveCfg = Release|x86
		{833D132D-0033-4269-AB89-D5B26F0A433E}.Ad-Hoc|iPhoneSimulator.Build.0 = Release|x86
		{833D132D-0033-4269-AB89-D5B26F0A433E}.Ad-Hoc|iPhoneSimulator.Deploy.0 = Release|x86
		{833D132D-0033-4269-AB89-D5B26F0A433E}.Ad-Hoc|x64.ActiveCfg = Release|x64
		{833D132D-0033-4269-AB89-D5B26F0A433E}.Ad-Hoc|x64.Build.0 = Release|x64
		{833D132D-0033-4269-AB89-D5B26F0A433E}.Ad-Hoc|x64.Deploy.0 = Release|x64
		{833D132D-0033-4269-AB89-D5B26F0A433E}.Ad-Hoc|x86.ActiveCfg = Release|x86
		{833D132D-0033-4269-AB89-D5B26F0A433E}.Ad-Hoc|x86.Build.0 = Release|x86
		{833D132D-0033-4269-AB89-D5B26F0A433E}.Ad-Hoc|x86.Deploy.0 = Release|x86
		{833D132D-0033-4269-AB89-D5B26F0A433E}.AppStore|Any CPU.ActiveCfg = Release|x86
		{833D132D-0033-4269-AB89-D5B26F0A433E}.AppStore|Any CPU.Build.0 = Release|x86
		{833D132D-0033-4269-AB89-D5B26F0A433E}.AppStore|Any CPU.Deploy.0 = Release|x86
		{833D132D-0033-4269-AB89-D5B26F0A433E}.AppStore|ARM.ActiveCfg = Release|ARM
		{833D132D-0033-4269-AB89-D5B26F0A433E}.AppStore|ARM.Build.0 = Release|ARM
		{833D132D-0033-4269-AB89-D5B26F0A433E}.AppStore|ARM.Deploy.0 = Release|ARM
		{833D132D-0033-4269-AB89-D5B26F0A433E}.AppStore|iPhone.ActiveCfg = Release|x86
		{833D132D-0033-4269-AB89-D5B26F0A433E}.AppStore|iPhone.Build.0 = Release|x86
		{833D132D-0033-4269-AB89-D5B26F0A433E}.AppStore|iPhone.Deploy.0 = Release|x86
		{833D132D-0033-4269-AB89-D5B26F0A433E}.AppStore|iPhoneSimulator.ActiveCfg = Release|x86
		{833D132D-0033-4269-AB89-D5B26F0A433E}.AppStore|iPhoneSimulator.Build.0 = Release|x86
		{833D132D-0033-4269-AB89-D5B26F0A433E}.AppStore|iPhoneSimulator.Deploy.0 = Release|x86
		{833D132D-0033-4269-AB89-D5B26F0A433E}.AppStore|x64.ActiveCfg = Release|x64
		{833D132D-0033-4269-AB89-D5B26F0A433E}.AppStore|x64.Build.0 = Release|x64
		{833D132D-0033-4269-AB89-D5B26F0A433E}.AppStore|x64.Deploy.0 = Release|x64
		{833D132D-0033-4269-AB89-D5B26F0A433E}.AppStore|x86.ActiveCfg = Release|x86
		{833D132D-0033-4269-AB89-D5B26F0A433E}.AppStore|x86.Build.0 = Release|x86
		{833D132D-0033-4269-AB89-D5B26F0A433E}.AppStore|x86.Deploy.0 = Release|x86
		{833D132D-0033-4269-AB89-D5B26F0A433E}.Debug|Any CPU.ActiveCfg = Debug|x86
		{833D132D-0033-4269-AB89-D5B26F0A433E}.Debug|ARM.ActiveCfg = Debug|ARM
		{833D132D-0033-4269-AB89-D5B26F0A433E}.Debug|ARM.Build.0 = Debug|ARM
		{833D132D-0033-4269-AB89-D5B26F0A433E}.Debug|ARM.Deploy.0 = Debug|ARM
		{833D132D-0033-4269-AB89-D5B26F0A433E}.Debug|iPhone.ActiveCfg = Debug|x86
		{833D132D-0033-4269-AB89-D5B26F0A433E}.Debug|iPhoneSimulator.ActiveCfg = Debug|x86
		{833D132D-0033-4269-AB89-D5B26F0A433E}.Debug|x64.ActiveCfg = Debug|x64
		{833D132D-0033-4269-AB89-D5B26F0A433E}.Debug|x64.Build.0 = Debug|x64
		{833D132D-0033-4269-AB89-D5B26F0A433E}.Debug|x64.Deploy.0 = Debug|x64
		{833D132D-0033-4269-AB89-D5B26F0A433E}.Debug|x86.ActiveCfg = Debug|x86
		{833D132D-0033-4269-AB89-D5B26F0A433E}.Debug|x86.Build.0 = Debug|x86
		{833D132D-0033-4269-AB89-D5B26F0A433E}.Debug|x86.Deploy.0 = Debug|x86
		{833D132D-0033-4269-AB89-D5B26F0A433E}.Release|Any CPU.ActiveCfg = Release|x86
		{833D132D-0033-4269-AB89-D5B26F0A433E}.Release|ARM.ActiveCfg = Release|ARM
		{833D132D-0033-4269-AB89-D5B26F0A433E}.Release|ARM.Build.0 = Release|ARM
		{833D132D-0033-4269-AB89-D5B26F0A433E}.Release|ARM.Deploy.0 = Release|ARM
		{833D132D-0033-4269-AB89-D5B26F0A433E}.Release|iPhone.ActiveCfg = Release|x86
		{833D132D-0033-4269-AB89-D5B26F0A433E}.Release|iPhoneSimulator.ActiveCfg = Release|x86
		{833D132D-0033-4269-AB89-D5B26F0A433E}.Release|x64.ActiveCfg = Release|x64
		{833D132D-0033-4269-AB89-D5B26F0A433E}.Release|x64.Build.0 = Release|x64
		{833D132D-0033-4269-AB89-D5B26F0A433E}.Release|x64.Deploy.0 = Release|x64
		{833D132D-0033-4269-AB89-D5B26F0A433E}.Release|x86.ActiveCfg = Release|x86
		{833D132D-0033-4269-AB89-D5B26F0A433E}.Release|x86.Build.0 = Release|x86
		{833D132D-0033-4269-AB89-D5B26F0A433E}.Release|x86.Deploy.0 = Release|x86
		{809E2510-F479-4706-9D7A-3896685833D6}.Ad-Hoc|Any CPU.ActiveCfg = Release|Any CPU
		{809E2510-F479-4706-9D7A-3896685833D6}.Ad-Hoc|Any CPU.Build.0 = Release|Any CPU
		{809E2510-F479-4706-9D7A-3896685833D6}.Ad-Hoc|Any CPU.Deploy.0 = Release|Any CPU
		{809E2510-F479-4706-9D7A-3896685833D6}.Ad-Hoc|ARM.ActiveCfg = Release|ARM
		{809E2510-F479-4706-9D7A-3896685833D6}.Ad-Hoc|ARM.Build.0 = Release|ARM
		{809E2510-F479-4706-9D7A-3896685833D6}.Ad-Hoc|ARM.Deploy.0 = Release|ARM
		{809E2510-F479-4706-9D7A-3896685833D6}.Ad-Hoc|iPhone.ActiveCfg = Release|Any CPU
		{809E2510-F479-4706-9D7A-3896685833D6}.Ad-Hoc|iPhone.Build.0 = Release|Any CPU
		{809E2510-F479-4706-9D7A-3896685833D6}.Ad-Hoc|iPhone.Deploy.0 = Release|Any CPU
		{809E2510-F479-4706-9D7A-3896685833D6}.Ad-Hoc|iPhoneSimulator.ActiveCfg = Release|Any CPU
		{809E2510-F479-4706-9D7A-3896685833D6}.Ad-Hoc|iPhoneSimulator.Build.0 = Release|Any CPU
		{809E2510-F479-4706-9D7A-3896685833D6}.Ad-Hoc|iPhoneSimulator.Deploy.0 = Release|Any CPU
		{809E2510-F479-4706-9D7A-3896685833D6}.Ad-Hoc|x64.ActiveCfg = Release|x64
		{809E2510-F479-4706-9D7A-3896685833D6}.Ad-Hoc|x64.Build.0 = Release|x64
		{809E2510-F479-4706-9D7A-3896685833D6}.Ad-Hoc|x64.Deploy.0 = Release|x64
		{809E2510-F479-4706-9D7A-3896685833D6}.Ad-Hoc|x86.ActiveCfg = Release|x86
		{809E2510-F479-4706-9D7A-3896685833D6}.Ad-Hoc|x86.Build.0 = Release|x86
		{809E2510-F479-4706-9D7A-3896685833D6}.Ad-Hoc|x86.Deploy.0 = Release|x86
		{809E2510-F479-4706-9D7A-3896685833D6}.AppStore|Any CPU.ActiveCfg = Release|Any CPU
		{809E2510-F479-4706-9D7A-3896685833D6}.AppStore|Any CPU.Build.0 = Release|Any CPU
		{809E2510-F479-4706-9D7A-3896685833D6}.AppStore|Any CPU.Deploy.0 = Release|Any CPU
		{809E2510-F479-4706-9D7A-3896685833D6}.AppStore|ARM.ActiveCfg = Release|ARM
		{809E2510-F479-4706-9D7A-3896685833D6}.AppStore|ARM.Build.0 = Release|ARM
		{809E2510-F479-4706-9D7A-3896685833D6}.AppStore|ARM.Deploy.0 = Release|ARM
		{809E2510-F479-4706-9D7A-3896685833D6}.AppStore|iPhone.ActiveCfg = Release|Any CPU
		{809E2510-F479-4706-9D7A-3896685833D6}.AppStore|iPhone.Build.0 = Release|Any CPU
		{809E2510-F479-4706-9D7A-3896685833D6}.AppStore|iPhone.Deploy.0 = Release|Any CPU
		{809E2510-F479-4706-9D7A-3896685833D6}.AppStore|iPhoneSimulator.ActiveCfg = Release|Any CPU
		{809E2510-F479-4706-9D7A-3896685833D6}.AppStore|iPhoneSimulator.Build.0 = Release|Any CPU
		{809E2510-F479-4706-9D7A-3896685833D6}.AppStore|iPhoneSimulator.Deploy.0 = Release|Any CPU
		{809E2510-F479-4706-9D7A-3896685833D6}.AppStore|x64.ActiveCfg = Release|x64
		{809E2510-F479-4706-9D7A-3896685833D6}.AppStore|x64.Build.0 = Release|x64
		{809E2510-F479-4706-9D7A-3896685833D6}.AppStore|x64.Deploy.0 = Release|x64
		{809E2510-F479-4706-9D7A-3896685833D6}.AppStore|x86.ActiveCfg = Release|x86
		{809E2510-F479-4706-9D7A-3896685833D6}.AppStore|x86.Build.0 = Release|x86
		{809E2510-F479-4706-9D7A-3896685833D6}.AppStore|x86.Deploy.0 = Release|x86
		{809E2510-F479-4706-9D7A-3896685833D6}.Debug|Any CPU.ActiveCfg = Debug|Any CPU
		{809E2510-F479-4706-9D7A-3896685833D6}.Debug|Any CPU.Build.0 = Debug|Any CPU
		{809E2510-F479-4706-9D7A-3896685833D6}.Debug|Any CPU.Deploy.0 = Debug|Any CPU
		{809E2510-F479-4706-9D7A-3896685833D6}.Debug|ARM.ActiveCfg = Debug|ARM
		{809E2510-F479-4706-9D7A-3896685833D6}.Debug|ARM.Build.0 = Debug|ARM
		{809E2510-F479-4706-9D7A-3896685833D6}.Debug|ARM.Deploy.0 = Debug|ARM
		{809E2510-F479-4706-9D7A-3896685833D6}.Debug|iPhone.ActiveCfg = Debug|Any CPU
		{809E2510-F479-4706-9D7A-3896685833D6}.Debug|iPhone.Build.0 = Debug|Any CPU
		{809E2510-F479-4706-9D7A-3896685833D6}.Debug|iPhone.Deploy.0 = Debug|Any CPU
		{809E2510-F479-4706-9D7A-3896685833D6}.Debug|iPhoneSimulator.ActiveCfg = Debug|Any CPU
		{809E2510-F479-4706-9D7A-3896685833D6}.Debug|iPhoneSimulator.Build.0 = Debug|Any CPU
		{809E2510-F479-4706-9D7A-3896685833D6}.Debug|iPhoneSimulator.Deploy.0 = Debug|Any CPU
		{809E2510-F479-4706-9D7A-3896685833D6}.Debug|x64.ActiveCfg = Debug|x64
		{809E2510-F479-4706-9D7A-3896685833D6}.Debug|x64.Build.0 = Debug|x64
		{809E2510-F479-4706-9D7A-3896685833D6}.Debug|x64.Deploy.0 = Debug|x64
		{809E2510-F479-4706-9D7A-3896685833D6}.Debug|x86.ActiveCfg = Debug|x86
		{809E2510-F479-4706-9D7A-3896685833D6}.Debug|x86.Build.0 = Debug|x86
		{809E2510-F479-4706-9D7A-3896685833D6}.Debug|x86.Deploy.0 = Debug|x86
		{809E2510-F479-4706-9D7A-3896685833D6}.Release|Any CPU.ActiveCfg = Release|Any CPU
		{809E2510-F479-4706-9D7A-3896685833D6}.Release|Any CPU.Build.0 = Release|Any CPU
		{809E2510-F479-4706-9D7A-3896685833D6}.Release|Any CPU.Deploy.0 = Release|Any CPU
		{809E2510-F479-4706-9D7A-3896685833D6}.Release|ARM.ActiveCfg = Release|ARM
		{809E2510-F479-4706-9D7A-3896685833D6}.Release|ARM.Build.0 = Release|ARM
		{809E2510-F479-4706-9D7A-3896685833D6}.Release|ARM.Deploy.0 = Release|ARM
		{809E2510-F479-4706-9D7A-3896685833D6}.Release|iPhone.ActiveCfg = Release|Any CPU
		{809E2510-F479-4706-9D7A-3896685833D6}.Release|iPhone.Build.0 = Release|Any CPU
		{809E2510-F479-4706-9D7A-3896685833D6}.Release|iPhone.Deploy.0 = Release|Any CPU
		{809E2510-F479-4706-9D7A-3896685833D6}.Release|iPhoneSimulator.ActiveCfg = Release|Any CPU
		{809E2510-F479-4706-9D7A-3896685833D6}.Release|iPhoneSimulator.Build.0 = Release|Any CPU
		{809E2510-F479-4706-9D7A-3896685833D6}.Release|iPhoneSimulator.Deploy.0 = Release|Any CPU
		{809E2510-F479-4706-9D7A-3896685833D6}.Release|x64.ActiveCfg = Release|x64
		{809E2510-F479-4706-9D7A-3896685833D6}.Release|x64.Build.0 = Release|x64
		{809E2510-F479-4706-9D7A-3896685833D6}.Release|x64.Deploy.0 = Release|x64
		{809E2510-F479-4706-9D7A-3896685833D6}.Release|x86.ActiveCfg = Release|x86
		{809E2510-F479-4706-9D7A-3896685833D6}.Release|x86.Build.0 = Release|x86
		{809E2510-F479-4706-9D7A-3896685833D6}.Release|x86.Deploy.0 = Release|x86
		{D6658809-8B7B-4FBF-AF20-371FD7FB6F84}.Ad-Hoc|Any CPU.ActiveCfg = Release|Any CPU
		{D6658809-8B7B-4FBF-AF20-371FD7FB6F84}.Ad-Hoc|Any CPU.Build.0 = Release|Any CPU
		{D6658809-8B7B-4FBF-AF20-371FD7FB6F84}.Ad-Hoc|ARM.ActiveCfg = Release|Any CPU
		{D6658809-8B7B-4FBF-AF20-371FD7FB6F84}.Ad-Hoc|ARM.Build.0 = Release|Any CPU
		{D6658809-8B7B-4FBF-AF20-371FD7FB6F84}.Ad-Hoc|iPhone.ActiveCfg = Release|Any CPU
		{D6658809-8B7B-4FBF-AF20-371FD7FB6F84}.Ad-Hoc|iPhone.Build.0 = Release|Any CPU
		{D6658809-8B7B-4FBF-AF20-371FD7FB6F84}.Ad-Hoc|iPhoneSimulator.ActiveCfg = Release|Any CPU
		{D6658809-8B7B-4FBF-AF20-371FD7FB6F84}.Ad-Hoc|iPhoneSimulator.Build.0 = Release|Any CPU
		{D6658809-8B7B-4FBF-AF20-371FD7FB6F84}.Ad-Hoc|x64.ActiveCfg = Release|Any CPU
		{D6658809-8B7B-4FBF-AF20-371FD7FB6F84}.Ad-Hoc|x64.Build.0 = Release|Any CPU
		{D6658809-8B7B-4FBF-AF20-371FD7FB6F84}.Ad-Hoc|x86.ActiveCfg = Release|Any CPU
		{D6658809-8B7B-4FBF-AF20-371FD7FB6F84}.Ad-Hoc|x86.Build.0 = Release|Any CPU
		{D6658809-8B7B-4FBF-AF20-371FD7FB6F84}.AppStore|Any CPU.ActiveCfg = Release|Any CPU
		{D6658809-8B7B-4FBF-AF20-371FD7FB6F84}.AppStore|Any CPU.Build.0 = Release|Any CPU
		{D6658809-8B7B-4FBF-AF20-371FD7FB6F84}.AppStore|ARM.ActiveCfg = Release|Any CPU
		{D6658809-8B7B-4FBF-AF20-371FD7FB6F84}.AppStore|ARM.Build.0 = Release|Any CPU
		{D6658809-8B7B-4FBF-AF20-371FD7FB6F84}.AppStore|iPhone.ActiveCfg = Release|Any CPU
		{D6658809-8B7B-4FBF-AF20-371FD7FB6F84}.AppStore|iPhone.Build.0 = Release|Any CPU
		{D6658809-8B7B-4FBF-AF20-371FD7FB6F84}.AppStore|iPhoneSimulator.ActiveCfg = Release|Any CPU
		{D6658809-8B7B-4FBF-AF20-371FD7FB6F84}.AppStore|iPhoneSimulator.Build.0 = Release|Any CPU
		{D6658809-8B7B-4FBF-AF20-371FD7FB6F84}.AppStore|x64.ActiveCfg = Release|Any CPU
		{D6658809-8B7B-4FBF-AF20-371FD7FB6F84}.AppStore|x64.Build.0 = Release|Any CPU
		{D6658809-8B7B-4FBF-AF20-371FD7FB6F84}.AppStore|x86.ActiveCfg = Release|Any CPU
		{D6658809-8B7B-4FBF-AF20-371FD7FB6F84}.AppStore|x86.Build.0 = Release|Any CPU
		{D6658809-8B7B-4FBF-AF20-371FD7FB6F84}.Debug|Any CPU.ActiveCfg = Debug|Any CPU
		{D6658809-8B7B-4FBF-AF20-371FD7FB6F84}.Debug|Any CPU.Build.0 = Debug|Any CPU
		{D6658809-8B7B-4FBF-AF20-371FD7FB6F84}.Debug|ARM.ActiveCfg = Debug|Any CPU
		{D6658809-8B7B-4FBF-AF20-371FD7FB6F84}.Debug|ARM.Build.0 = Debug|Any CPU
		{D6658809-8B7B-4FBF-AF20-371FD7FB6F84}.Debug|iPhone.ActiveCfg = Debug|Any CPU
		{D6658809-8B7B-4FBF-AF20-371FD7FB6F84}.Debug|iPhone.Build.0 = Debug|Any CPU
		{D6658809-8B7B-4FBF-AF20-371FD7FB6F84}.Debug|iPhoneSimulator.ActiveCfg = Debug|Any CPU
		{D6658809-8B7B-4FBF-AF20-371FD7FB6F84}.Debug|iPhoneSimulator.Build.0 = Debug|Any CPU
		{D6658809-8B7B-4FBF-AF20-371FD7FB6F84}.Debug|x64.ActiveCfg = Debug|Any CPU
		{D6658809-8B7B-4FBF-AF20-371FD7FB6F84}.Debug|x64.Build.0 = Debug|Any CPU
		{D6658809-8B7B-4FBF-AF20-371FD7FB6F84}.Debug|x86.ActiveCfg = Debug|Any CPU
		{D6658809-8B7B-4FBF-AF20-371FD7FB6F84}.Debug|x86.Build.0 = Debug|Any CPU
		{D6658809-8B7B-4FBF-AF20-371FD7FB6F84}.Release|Any CPU.ActiveCfg = Release|Any CPU
		{D6658809-8B7B-4FBF-AF20-371FD7FB6F84}.Release|Any CPU.Build.0 = Release|Any CPU
		{D6658809-8B7B-4FBF-AF20-371FD7FB6F84}.Release|ARM.ActiveCfg = Release|Any CPU
		{D6658809-8B7B-4FBF-AF20-371FD7FB6F84}.Release|ARM.Build.0 = Release|Any CPU
		{D6658809-8B7B-4FBF-AF20-371FD7FB6F84}.Release|iPhone.ActiveCfg = Release|Any CPU
		{D6658809-8B7B-4FBF-AF20-371FD7FB6F84}.Release|iPhone.Build.0 = Release|Any CPU
		{D6658809-8B7B-4FBF-AF20-371FD7FB6F84}.Release|iPhoneSimulator.ActiveCfg = Release|Any CPU
		{D6658809-8B7B-4FBF-AF20-371FD7FB6F84}.Release|iPhoneSimulator.Build.0 = Release|Any CPU
		{D6658809-8B7B-4FBF-AF20-371FD7FB6F84}.Release|x64.ActiveCfg = Release|Any CPU
		{D6658809-8B7B-4FBF-AF20-371FD7FB6F84}.Release|x64.Build.0 = Release|Any CPU
		{D6658809-8B7B-4FBF-AF20-371FD7FB6F84}.Release|x86.ActiveCfg = Release|Any CPU
		{D6658809-8B7B-4FBF-AF20-371FD7FB6F84}.Release|x86.Build.0 = Release|Any CPU
	EndGlobalSection
	GlobalSection(SolutionProperties) = preSolution
		HideSolutionNode = FALSE
	EndGlobalSection
EndGlobal
